{
  "name": "cobjs-node-example",
  "version": "1.0.0",
  "lockfileVersion": 2,
  "requires": true,
  "packages": {
    "": {
      "name": "cobjs-node-example",
      "version": "1.0.0",
      "license": "ISC",
      "dependencies": {
        "cobjs-recordm": "file:../../packages/recordm"
      },
      "devDependencies": {}
    },
    "../../packages/recordm": {
      "name": "@cob/cobjs-recordm",
      "version": "0.1.0",
      "dependencies": {
        "@cob/cobjs-core": "0.1.0",
        "axios": "^0.27.2"
      }
    },
    "node_modules/cobjs-recordm": {
      "resolved": "../../packages/recordm",
      "link": true
    }
  },
  "dependencies": {
    "cobjs-recordm": {
      "version": "file:../../packages/recordm",
      "requires": {
        "@cob/cobjs-core": "0.1.0",
        "axios": "^0.27.2"
      }
    }
  }
}
